
Microsoft Visual Studio Solution File, Format Version 11.00
# Visual Studio 2010
Project("{8BC9CEB8-8B4A-11D0-8D11-00A0C91BC942}") = "SMSEdit", "SMSEdit.vcxproj", "{C2ADCF0F-C657-4D3E-A33B-953B315C9797}"
EndProject
Global
	GlobalSection(SolutionConfigurationPlatforms) = preSolution
		Debug|Win32 = Debug|Win32
		Release|Win32 = Release|Win32
	EndGlobalSection
	GlobalSection(ProjectConfigurationPlatforms) = postSolution
		{C2ADCF0F-C657-4D3E-A33B-953B315C9797}.Debug|Win32.ActiveCfg = Debug|Win32
		{C2ADCF0F-C657-4D3E-A33B-953B315C9797}.Debug|Win32.Build.0 = Debug|Win32
		{C2ADCF0F-C657-4D3E-A33B-953B315C9797}.Release|Win32.ActiveCfg = Release|Win32
		{C2ADCF0F-C657-4D3E-A33B-953B315C9797}.Release|Win32.Build.0 = Release|Win32
	EndGlobalSection
	GlobalSection(SolutionProperties) = preSolution
		HideSolutionNode = FALSE
	EndGlobalSection
EndGlobal
