
Microsoft Visual Studio Solution File, Format Version 11.00
# Visual Studio 2010
Project("{8BC9CEB8-8B4A-11D0-8D11-00A0C91BC942}") = "CursorImage", "CursorImage.vcxproj", "{52C1F0EF-4817-4914-96F4-41B7E1B4C42E}"
EndProject
Global
	GlobalSection(SolutionConfigurationPlatforms) = preSolution
		Debug|Win32 = Debug|Win32
		Release|Win32 = Release|Win32
	EndGlobalSection
	GlobalSection(ProjectConfigurationPlatforms) = postSolution
		{52C1F0EF-4817-4914-96F4-41B7E1B4C42E}.Debug|Win32.ActiveCfg = Debug|Win32
		{52C1F0EF-4817-4914-96F4-41B7E1B4C42E}.Debug|Win32.Build.0 = Debug|Win32
		{52C1F0EF-4817-4914-96F4-41B7E1B4C42E}.Release|Win32.ActiveCfg = Release|Win32
		{52C1F0EF-4817-4914-96F4-41B7E1B4C42E}.Release|Win32.Build.0 = Release|Win32
	EndGlobalSection
	GlobalSection(SolutionProperties) = preSolution
		HideSolutionNode = FALSE
	EndGlobalSection
EndGlobal
