
Microsoft Visual Studio Solution File, Format Version 11.00
# Visual Studio 2010
Project("{8BC9CEB8-8B4A-11D0-8D11-00A0C91BC942}") = "Thread_Template", "Thread_Template.vcxproj", "{3EDAA9C3-D276-4DCC-862C-8425F91C3BE4}"
EndProject
Global
	GlobalSection(SolutionConfigurationPlatforms) = preSolution
		Debug|Win32 = Debug|Win32
		Release|Win32 = Release|Win32
	EndGlobalSection
	GlobalSection(ProjectConfigurationPlatforms) = postSolution
		{3EDAA9C3-D276-4DCC-862C-8425F91C3BE4}.Debug|Win32.ActiveCfg = Debug|Win32
		{3EDAA9C3-D276-4DCC-862C-8425F91C3BE4}.Debug|Win32.Build.0 = Debug|Win32
		{3EDAA9C3-D276-4DCC-862C-8425F91C3BE4}.Release|Win32.ActiveCfg = Release|Win32
		{3EDAA9C3-D276-4DCC-862C-8425F91C3BE4}.Release|Win32.Build.0 = Release|Win32
	EndGlobalSection
	GlobalSection(SolutionProperties) = preSolution
		HideSolutionNode = FALSE
	EndGlobalSection
EndGlobal
