
Microsoft Visual Studio Solution File, Format Version 11.00
# Visual Studio 2010
Project("{8BC9CEB8-8B4A-11D0-8D11-00A0C91BC942}") = "Thread_edu_fibo", "Thread_edu_fibo.vcxproj", "{6451CEE2-456C-48B4-8B91-AD13DC5585A6}"
EndProject
Global
	GlobalSection(SolutionConfigurationPlatforms) = preSolution
		Debug|Win32 = Debug|Win32
		Release|Win32 = Release|Win32
	EndGlobalSection
	GlobalSection(ProjectConfigurationPlatforms) = postSolution
		{6451CEE2-456C-48B4-8B91-AD13DC5585A6}.Debug|Win32.ActiveCfg = Debug|Win32
		{6451CEE2-456C-48B4-8B91-AD13DC5585A6}.Debug|Win32.Build.0 = Debug|Win32
		{6451CEE2-456C-48B4-8B91-AD13DC5585A6}.Release|Win32.ActiveCfg = Release|Win32
		{6451CEE2-456C-48B4-8B91-AD13DC5585A6}.Release|Win32.Build.0 = Release|Win32
	EndGlobalSection
	GlobalSection(SolutionProperties) = preSolution
		HideSolutionNode = FALSE
	EndGlobalSection
EndGlobal
