
Microsoft Visual Studio Solution File, Format Version 11.00
# Visual Studio 2010
Project("{8BC9CEB8-8B4A-11D0-8D11-00A0C91BC942}") = "Battery02", "Battery02.vcxproj", "{84750895-87BD-4CE3-BC3B-D01EB60946BD}"
EndProject
Global
	GlobalSection(SolutionConfigurationPlatforms) = preSolution
		Debug|Win32 = Debug|Win32
		Release|Win32 = Release|Win32
	EndGlobalSection
	GlobalSection(ProjectConfigurationPlatforms) = postSolution
		{84750895-87BD-4CE3-BC3B-D01EB60946BD}.Debug|Win32.ActiveCfg = Debug|Win32
		{84750895-87BD-4CE3-BC3B-D01EB60946BD}.Debug|Win32.Build.0 = Debug|Win32
		{84750895-87BD-4CE3-BC3B-D01EB60946BD}.Release|Win32.ActiveCfg = Release|Win32
		{84750895-87BD-4CE3-BC3B-D01EB60946BD}.Release|Win32.Build.0 = Release|Win32
	EndGlobalSection
	GlobalSection(SolutionProperties) = preSolution
		HideSolutionNode = FALSE
	EndGlobalSection
EndGlobal
