
Microsoft Visual Studio Solution File, Format Version 11.00
# Visual Studio 2010
Project("{8BC9CEB8-8B4A-11D0-8D11-00A0C91BC942}") = "Thread09", "Thread09.vcxproj", "{4588024A-59B9-4E12-A50F-30BC5B54EDAA}"
EndProject
Global
	GlobalSection(SolutionConfigurationPlatforms) = preSolution
		Debug|Win32 = Debug|Win32
		Release|Win32 = Release|Win32
	EndGlobalSection
	GlobalSection(ProjectConfigurationPlatforms) = postSolution
		{4588024A-59B9-4E12-A50F-30BC5B54EDAA}.Debug|Win32.ActiveCfg = Debug|Win32
		{4588024A-59B9-4E12-A50F-30BC5B54EDAA}.Debug|Win32.Build.0 = Debug|Win32
		{4588024A-59B9-4E12-A50F-30BC5B54EDAA}.Release|Win32.ActiveCfg = Release|Win32
		{4588024A-59B9-4E12-A50F-30BC5B54EDAA}.Release|Win32.Build.0 = Release|Win32
	EndGlobalSection
	GlobalSection(SolutionProperties) = preSolution
		HideSolutionNode = FALSE
	EndGlobalSection
EndGlobal
